
Microsoft Visual Studio Solution File, Format Version 12.00
# Visual Studio Version 16
VisualStudioVersion = 16.0.29123.88
MinimumVisualStudioVersion = 10.0.40219.1
Project("{9A19103F-16F7-4668-BE54-9A1E7A4F7556}") = "AlphaNET.Framework.Standard", "AlphaNET.Framework.Standard\AlphaNET.Framework.Standard.csproj", "{625E3E33-3725-40E5-B508-C52A66AC035C}"
EndProject
Project("{9A19103F-16F7-4668-BE54-9A1E7A4F7556}") = "AlphaNET.Client.Console", "AlphaNET.Client.Console\AlphaNET.Client.Console.csproj", "{4C11B844-E48F-4425-882F-F9ADB55AA21E}"
EndProject
Project("{9A19103F-16F7-4668-BE54-9A1E7A4F7556}") = "AlphaNET.Server", "AlphaNET.Server\AlphaNET.Server.csproj", "{AF86407E-0E06-4366-B9E1-277833E63956}"
EndProject
Global
	GlobalSection(SolutionConfigurationPlatforms) = preSolution
		Debug|Any CPU = Debug|Any CPU
		Release|Any CPU = Release|Any CPU
	EndGlobalSection
	GlobalSection(ProjectConfigurationPlatforms) = postSolution
		{625E3E33-3725-40E5-B508-C52A66AC035C}.Debug|Any CPU.ActiveCfg = Debug|Any CPU
		{625E3E33-3725-40E5-B508-C52A66AC035C}.Debug|Any CPU.Build.0 = Debug|Any CPU
		{625E3E33-3725-40E5-B508-C52A66AC035C}.Release|Any CPU.ActiveCfg = Release|Any CPU
		{625E3E33-3725-40E5-B508-C52A66AC035C}.Release|Any CPU.Build.0 = Release|Any CPU
		{4C11B844-E48F-4425-882F-F9ADB55AA21E}.Debug|Any CPU.ActiveCfg = Debug|Any CPU
		{4C11B844-E48F-4425-882F-F9ADB55AA21E}.Debug|Any CPU.Build.0 = Debug|Any CPU
		{4C11B844-E48F-4425-882F-F9ADB55AA21E}.Release|Any CPU.ActiveCfg = Release|Any CPU
		{4C11B844-E48F-4425-882F-F9ADB55AA21E}.Release|Any CPU.Build.0 = Release|Any CPU
		{AF86407E-0E06-4366-B9E1-277833E63956}.Debug|Any CPU.ActiveCfg = Debug|Any CPU
		{AF86407E-0E06-4366-B9E1-277833E63956}.Debug|Any CPU.Build.0 = Debug|Any CPU
		{AF86407E-0E06-4366-B9E1-277833E63956}.Release|Any CPU.ActiveCfg = Release|Any CPU
		{AF86407E-0E06-4366-B9E1-277833E63956}.Release|Any CPU.Build.0 = Release|Any CPU
	EndGlobalSection
	GlobalSection(SolutionProperties) = preSolution
		HideSolutionNode = FALSE
	EndGlobalSection
	GlobalSection(ExtensibilityGlobals) = postSolution
		SolutionGuid = {2BE5E359-2B09-45F6-9832-59379C54535E}
	EndGlobalSection
EndGlobal
