
Microsoft Visual Studio Solution File, Format Version 12.00
# Visual Studio Version 16
VisualStudioVersion = 16.0.29123.88
MinimumVisualStudioVersion = 10.0.40219.1
Project("{9A19103F-16F7-4668-BE54-9A1E7A4F7556}") = "AlphaFramework", "AlphaFramework\AlphaFramework.csproj", "{3395D494-B85B-4F20-A4A1-CC0C3BBD82A9}"
EndProject
Project("{9A19103F-16F7-4668-BE54-9A1E7A4F7556}") = "AlphaNET", "AlphaNET\AlphaNET.csproj", "{E402A6DA-9B20-4D39-9BB8-AE86C29B99B0}"
EndProject
Project("{9A19103F-16F7-4668-BE54-9A1E7A4F7556}") = "AlphaServer", "AlphaServer\AlphaServer.csproj", "{F63AA9B9-B6ED-408D-A330-3958EA204629}"
EndProject
Global
	GlobalSection(SolutionConfigurationPlatforms) = preSolution
		Debug|Any CPU = Debug|Any CPU
		Release|Any CPU = Release|Any CPU
	EndGlobalSection
	GlobalSection(ProjectConfigurationPlatforms) = postSolution
		{3395D494-B85B-4F20-A4A1-CC0C3BBD82A9}.Debug|Any CPU.ActiveCfg = Debug|Any CPU
		{3395D494-B85B-4F20-A4A1-CC0C3BBD82A9}.Debug|Any CPU.Build.0 = Debug|Any CPU
		{3395D494-B85B-4F20-A4A1-CC0C3BBD82A9}.Release|Any CPU.ActiveCfg = Release|Any CPU
		{3395D494-B85B-4F20-A4A1-CC0C3BBD82A9}.Release|Any CPU.Build.0 = Release|Any CPU
		{E402A6DA-9B20-4D39-9BB8-AE86C29B99B0}.Debug|Any CPU.ActiveCfg = Debug|Any CPU
		{E402A6DA-9B20-4D39-9BB8-AE86C29B99B0}.Debug|Any CPU.Build.0 = Debug|Any CPU
		{E402A6DA-9B20-4D39-9BB8-AE86C29B99B0}.Release|Any CPU.ActiveCfg = Release|Any CPU
		{E402A6DA-9B20-4D39-9BB8-AE86C29B99B0}.Release|Any CPU.Build.0 = Release|Any CPU
		{F63AA9B9-B6ED-408D-A330-3958EA204629}.Debug|Any CPU.ActiveCfg = Debug|Any CPU
		{F63AA9B9-B6ED-408D-A330-3958EA204629}.Debug|Any CPU.Build.0 = Debug|Any CPU
		{F63AA9B9-B6ED-408D-A330-3958EA204629}.Release|Any CPU.ActiveCfg = Release|Any CPU
		{F63AA9B9-B6ED-408D-A330-3958EA204629}.Release|Any CPU.Build.0 = Release|Any CPU
	EndGlobalSection
	GlobalSection(SolutionProperties) = preSolution
		HideSolutionNode = FALSE
	EndGlobalSection
	GlobalSection(ExtensibilityGlobals) = postSolution
		SolutionGuid = {2BE5E359-2B09-45F6-9832-59379C54535E}
	EndGlobalSection
EndGlobal
